
Microsoft Visual Studio Solution File, Format Version 12.00
# Visual Studio Version 16
VisualStudioVersion = 16.0.31702.278
MinimumVisualStudioVersion = 10.0.40219.1
Project("{FAE04EC0-301F-11D3-BF4B-00C04F79EFBC}") = "Binary search algorithm", "Binary search algorithm\Binary search algorithm.csproj", "{631E8ABE-0687-42D2-889E-AEEC4B37AE93}"
EndProject
Global
	GlobalSection(SolutionConfigurationPlatforms) = preSolution
		Debug|Any CPU = Debug|Any CPU
		Release|Any CPU = Release|Any CPU
	EndGlobalSection
	GlobalSection(ProjectConfigurationPlatforms) = postSolution
		{631E8ABE-0687-42D2-889E-AEEC4B37AE93}.Debug|Any CPU.ActiveCfg = Debug|Any CPU
		{631E8ABE-0687-42D2-889E-AEEC4B37AE93}.Debug|Any CPU.Build.0 = Debug|Any CPU
		{631E8ABE-0687-42D2-889E-AEEC4B37AE93}.Release|Any CPU.ActiveCfg = Release|Any CPU
		{631E8ABE-0687-42D2-889E-AEEC4B37AE93}.Release|Any CPU.Build.0 = Release|Any CPU
	EndGlobalSection
	GlobalSection(SolutionProperties) = preSolution
		HideSolutionNode = FALSE
	EndGlobalSection
	GlobalSection(ExtensibilityGlobals) = postSolution
		SolutionGuid = {518D971D-4632-4303-91DF-9EF840D10EE9}
	EndGlobalSection
EndGlobal
